
Microsoft Visual Studio Solution File, Format Version 12.00
# Visual Studio Version 16
VisualStudioVersion = 16.0.31702.278
MinimumVisualStudioVersion = 10.0.40219.1
Project("{FAE04EC0-301F-11D3-BF4B-00C04F79EFBC}") = "CancionesWebAPI", "CancionesWebAPI.csproj", "{7F3670DE-17A9-4DCD-93F6-A9398F6A4E77}"
EndProject
Global
	GlobalSection(SolutionConfigurationPlatforms) = preSolution
		Debug|Any CPU = Debug|Any CPU
		Release|Any CPU = Release|Any CPU
	EndGlobalSection
	GlobalSection(ProjectConfigurationPlatforms) = postSolution
		{7F3670DE-17A9-4DCD-93F6-A9398F6A4E77}.Debug|Any CPU.ActiveCfg = Debug|Any CPU
		{7F3670DE-17A9-4DCD-93F6-A9398F6A4E77}.Debug|Any CPU.Build.0 = Debug|Any CPU
		{7F3670DE-17A9-4DCD-93F6-A9398F6A4E77}.Release|Any CPU.ActiveCfg = Release|Any CPU
		{7F3670DE-17A9-4DCD-93F6-A9398F6A4E77}.Release|Any CPU.Build.0 = Release|Any CPU
	EndGlobalSection
	GlobalSection(SolutionProperties) = preSolution
		HideSolutionNode = FALSE
	EndGlobalSection
	GlobalSection(ExtensibilityGlobals) = postSolution
		SolutionGuid = {E47BC13B-0B3F-404F-92FD-B680B512D6FC}
	EndGlobalSection
EndGlobal
